
Microsoft Visual Studio Solution File, Format Version 12.00
# Visual Studio Version 17
VisualStudioVersion = 17.0.32014.148
MinimumVisualStudioVersion = 10.0.40219.1
Project("{FAE04EC0-301F-11D3-BF4B-00C04F79EFBC}") = "ExamTiPEIS", "ExamTiPEIS\ExamTiPEIS.csproj", "{EBECD0C8-6050-419A-9408-59A4F2C51723}"
EndProject
Global
	GlobalSection(SolutionConfigurationPlatforms) = preSolution
		Debug|Any CPU = Debug|Any CPU
		Release|Any CPU = Release|Any CPU
	EndGlobalSection
	GlobalSection(ProjectConfigurationPlatforms) = postSolution
		{EBECD0C8-6050-419A-9408-59A4F2C51723}.Debug|Any CPU.ActiveCfg = Debug|Any CPU
		{EBECD0C8-6050-419A-9408-59A4F2C51723}.Debug|Any CPU.Build.0 = Debug|Any CPU
		{EBECD0C8-6050-419A-9408-59A4F2C51723}.Release|Any CPU.ActiveCfg = Release|Any CPU
		{EBECD0C8-6050-419A-9408-59A4F2C51723}.Release|Any CPU.Build.0 = Release|Any CPU
	EndGlobalSection
	GlobalSection(SolutionProperties) = preSolution
		HideSolutionNode = FALSE
	EndGlobalSection
	GlobalSection(ExtensibilityGlobals) = postSolution
		SolutionGuid = {4952C2FA-6652-46D7-9AE0-99FAA4A6E0EE}
	EndGlobalSection
EndGlobal
